
Microsoft Visual Studio Solution File, Format Version 12.00
# Visual Studio Version 17
VisualStudioVersion = 17.9.34607.119
MinimumVisualStudioVersion = 10.0.40219.1
Project("{FAE04EC0-301F-11D3-BF4B-00C04F79EFBC}") = "FishToolsStoreECommerceApp", "FishToolsStoreECommerceApp\FishToolsStoreECommerceApp.csproj", "{06F13421-00A4-4B95-B1DB-9C6A6A365FD6}"
EndProject
Global
	GlobalSection(SolutionConfigurationPlatforms) = preSolution
		Debug|Any CPU = Debug|Any CPU
		Release|Any CPU = Release|Any CPU
	EndGlobalSection
	GlobalSection(ProjectConfigurationPlatforms) = postSolution
		{06F13421-00A4-4B95-B1DB-9C6A6A365FD6}.Debug|Any CPU.ActiveCfg = Debug|Any CPU
		{06F13421-00A4-4B95-B1DB-9C6A6A365FD6}.Debug|Any CPU.Build.0 = Debug|Any CPU
		{06F13421-00A4-4B95-B1DB-9C6A6A365FD6}.Release|Any CPU.ActiveCfg = Release|Any CPU
		{06F13421-00A4-4B95-B1DB-9C6A6A365FD6}.Release|Any CPU.Build.0 = Release|Any CPU
	EndGlobalSection
	GlobalSection(SolutionProperties) = preSolution
		HideSolutionNode = FALSE
	EndGlobalSection
	GlobalSection(ExtensibilityGlobals) = postSolution
		SolutionGuid = {420F4230-7A19-409B-B717-986D4002B0C7}
	EndGlobalSection
EndGlobal
